// !$*UTF8*$!
{
	archiveVersion = 1;
	classes = {
	};
	objectVersion = 50;
	objects = {

/* Begin PBXBuildFile section */
		8805781B254C9120003111B3 /* AppDelegate.swift in Sources */ = {isa = PBXBuildFile; fileRef = 8805781A254C9120003111B3 /* AppDelegate.swift */; };
		8805781D254C9120003111B3 /* SceneDelegate.swift in Sources */ = {isa = PBXBuildFile; fileRef = 8805781C254C9120003111B3 /* SceneDelegate.swift */; };
		8805781F254C9120003111B3 /* ViewController.swift in Sources */ = {isa = PBXBuildFile; fileRef = 8805781E254C9120003111B3 /* ViewController.swift */; };
		88057822254C9120003111B3 /* Main.storyboard in Resources */ = {isa = PBXBuildFile; fileRef = 88057820254C9120003111B3 /* Main.storyboard */; };
		88057824254C9121003111B3 /* Assets.xcassets in Resources */ = {isa = PBXBuildFile; fileRef = 88057823254C9121003111B3 /* Assets.xcassets */; };
		88057827254C9121003111B3 /* LaunchScreen.storyboard in Resources */ = {isa = PBXBuildFile; fileRef = 88057825254C9121003111B3 /* LaunchScreen.storyboard */; };
		88057832254C9121003111B3 /* layoutTests.swift in Sources */ = {isa = PBXBuildFile; fileRef = 88057831254C9121003111B3 /* layoutTests.swift */; };
		8805783D254C9121003111B3 /* layoutUITests.swift in Sources */ = {isa = PBXBuildFile; fileRef = 8805783C254C9121003111B3 /* layoutUITests.swift */; };
/* End PBXBuildFile section */

/* Begin PBXContainerItemProxy section */
		8805782E254C9121003111B3 /* PBXContainerItemProxy */ = {
			isa = PBXContainerItemProxy;
			containerPortal = 8805780F254C9120003111B3 /* Project object */;
			proxyType = 1;
			remoteGlobalIDString = 88057816254C9120003111B3;
			remoteInfo = layout;
		};
		88057839254C9121003111B3 /* PBXContainerItemProxy */ = {
			isa = PBXContainerItemProxy;
			containerPortal = 8805780F254C9120003111B3 /* Project object */;
			proxyType = 1;
			remoteGlobalIDString = 88057816254C9120003111B3;
			remoteInfo = layout;
		};
/* End PBXContainerItemProxy section */

/* Begin PBXFileReference section */
		88057817254C9120003111B3 /* layout.app */ = {isa = PBXFileReference; explicitFileType = wrapper.application; includeInIndex = 0; path = layout.app; sourceTree = BUILT_PRODUCTS_DIR; };
		8805781A254C9120003111B3 /* AppDelegate.swift */ = {isa = PBXFileReference; lastKnownFileType = sourcecode.swift; path = AppDelegate.swift; sourceTree = "<group>"; };
		8805781C254C9120003111B3 /* SceneDelegate.swift */ = {isa = PBXFileReference; lastKnownFileType = sourcecode.swift; path = SceneDelegate.swift; sourceTree = "<group>"; };
		8805781E254C9120003111B3 /* ViewController.swift */ = {isa = PBXFileReference; lastKnownFileType = sourcecode.swift; path = ViewController.swift; sourceTree = "<group>"; };
		88057821254C9120003111B3 /* Base */ = {isa = PBXFileReference; lastKnownFileType = file.storyboard; name = Base; path = Base.lproj/Main.storyboard; sourceTree = "<group>"; };
		88057823254C9121003111B3 /* Assets.xcassets */ = {isa = PBXFileReference; lastKnownFileType = folder.assetcatalog; path = Assets.xcassets; sourceTree = "<group>"; };
		88057826254C9121003111B3 /* Base */ = {isa = PBXFileReference; lastKnownFileType = file.storyboard; name = Base; path = Base.lproj/LaunchScreen.storyboard; sourceTree = "<group>"; };
		88057828254C9121003111B3 /* Info.plist */ = {isa = PBXFileReference; lastKnownFileType = text.plist.xml; path = Info.plist; sourceTree = "<group>"; };
		8805782D254C9121003111B3 /* layoutTests.xctest */ = {isa = PBXFileReference; explicitFileType = wrapper.cfbundle; includeInIndex = 0; path = layoutTests.xctest; sourceTree = BUILT_PRODUCTS_DIR; };
		88057831254C9121003111B3 /* layoutTests.swift */ = {isa = PBXFileReference; lastKnownFileType = sourcecode.swift; path = layoutTests.swift; sourceTree = "<group>"; };
		88057833254C9121003111B3 /* Info.plist */ = {isa = PBXFileReference; lastKnownFileType = text.plist.xml; path = Info.plist; sourceTree = "<group>"; };
		88057838254C9121003111B3 /* layoutUITests.xctest */ = {isa = PBXFileReference; explicitFileType = wrapper.cfbundle; includeInIndex = 0; path = layoutUITests.xctest; sourceTree = BUILT_PRODUCTS_DIR; };
		8805783C254C9121003111B3 /* layoutUITests.swift */ = {isa = PBXFileReference; lastKnownFileType = sourcecode.swift; path = layoutUITests.swift; sourceTree = "<group>"; };
		8805783E254C9121003111B3 /* Info.plist */ = {isa = PBXFileReference; lastKnownFileType = text.plist.xml; path = Info.plist; sourceTree = "<group>"; };
/* End PBXFileReference section */

/* Begin PBXFrameworksBuildPhase section */
		88057814254C9120003111B3 /* Frameworks */ = {
			isa = PBXFrameworksBuildPhase;
			buildActionMask = 2147483647;
			files = (
			);
			runOnlyForDeploymentPostprocessing = 0;
		};
		8805782A254C9121003111B3 /* Frameworks */ = {
			isa = PBXFrameworksBuildPhase;
			buildActionMask = 2147483647;
			files = (
			);
			runOnlyForDeploymentPostprocessing = 0;
		};
		88057835254C9121003111B3 /* Frameworks */ = {
			isa = PBXFrameworksBuildPhase;
			buildActionMask = 2147483647;
			files = (
			);
			runOnlyForDeploymentPostprocessing = 0;
		};
/* End PBXFrameworksBuildPhase section */

/* Begin PBXGroup section */
		8805780E254C9120003111B3 = {
			isa = PBXGroup;
			children = (
				88057819254C9120003111B3 /* layout */,
				88057830254C9121003111B3 /* layoutTests */,
				8805783B254C9121003111B3 /* layoutUITests */,
				88057818254C9120003111B3 /* Products */,
			);
			sourceTree = "<group>";
		};
		88057818254C9120003111B3 /* Products */ = {
			isa = PBXGroup;
			children = (
				88057817254C9120003111B3 /* layout.app */,
				8805782D254C9121003111B3 /* layoutTests.xctest */,
				88057838254C9121003111B3 /* layoutUITests.xctest */,
			);
			name = Products;
			sourceTree = "<group>";
		};
		88057819254C9120003111B3 /* layout */ = {
			isa = PBXGroup;
			children = (
				8805781A254C9120003111B3 /* AppDelegate.swift */,
				8805781C254C9120003111B3 /* SceneDelegate.swift */,
				8805781E254C9120003111B3 /* ViewController.swift */,
				88057820254C9120003111B3 /* Main.storyboard */,
				88057823254C9121003111B3 /* Assets.xcassets */,
				88057825254C9121003111B3 /* LaunchScreen.storyboard */,
				88057828254C9121003111B3 /* Info.plist */,
			);
			path = layout;
			sourceTree = "<group>";
		};
		88057830254C9121003111B3 /* layoutTests */ = {
			isa = PBXGroup;
			children = (
				88057831254C9121003111B3 /* layoutTests.swift */,
				88057833254C9121003111B3 /* Info.plist */,
			);
			path = layoutTests;
			sourceTree = "<group>";
		};
		8805783B254C9121003111B3 /* layoutUITests */ = {
			isa = PBXGroup;
			children = (
				8805783C254C9121003111B3 /* layoutUITests.swift */,
				8805783E254C9121003111B3 /* Info.plist */,
			);
			path = layoutUITests;
			sourceTree = "<group>";
		};
/* End PBXGroup section */

/* Begin PBXNativeTarget section */
		88057816254C9120003111B3 /* layout */ = {
			isa = PBXNativeTarget;
			buildConfigurationList = 88057841254C9121003111B3 /* Build configuration list for PBXNativeTarget "layout" */;
			buildPhases = (
				88057813254C9120003111B3 /* Sources */,
				88057814254C9120003111B3 /* Frameworks */,
				88057815254C9120003111B3 /* Resources */,
			);
			buildRules = (
			);
			dependencies = (
			);
			name = layout;
			productName = layout;
			productReference = 88057817254C9120003111B3 /* layout.app */;
			productType = "com.apple.product-type.application";
		};
		8805782C254C9121003111B3 /* layoutTests */ = {
			isa = PBXNativeTarget;
			buildConfigurationList = 88057844254C9121003111B3 /* Build configuration list for PBXNativeTarget "layoutTests" */;
			buildPhases = (
				88057829254C9121003111B3 /* Sources */,
				8805782A254C9121003111B3 /* Frameworks */,
				8805782B254C9121003111B3 /* Resources */,
			);
			buildRules = (
			);
			dependencies = (
				8805782F254C9121003111B3 /* PBXTargetDependency */,
			);
			name = layoutTests;
			productName = layoutTests;
			productReference = 8805782D254C9121003111B3 /* layoutTests.xctest */;
			productType = "com.apple.product-type.bundle.unit-test";
		};
		88057837254C9121003111B3 /* layoutUITests */ = {
			isa = PBXNativeTarget;
			buildConfigurationList = 88057847254C9121003111B3 /* Build configuration list for PBXNativeTarget "layoutUITests" */;
			buildPhases = (
				88057834254C9121003111B3 /* Sources */,
				88057835254C9121003111B3 /* Frameworks */,
				88057836254C9121003111B3 /* Resources */,
			);
			buildRules = (
			);
			dependencies = (
				8805783A254C9121003111B3 /* PBXTargetDependency */,
			);
			name = layoutUITests;
			productName = layoutUITests;
			productReference = 88057838254C9121003111B3 /* layoutUITests.xctest */;
			productType = "com.apple.product-type.bundle.ui-testing";
		};
/* End PBXNativeTarget section */

/* Begin PBXProject section */
		8805780F254C9120003111B3 /* Project object */ = {
			isa = PBXProject;
			attributes = {
				LastSwiftUpdateCheck = 1130;
				LastUpgradeCheck = 1130;
				ORGANIZATIONNAME = iMAC;
				TargetAttributes = {
					88057816254C9120003111B3 = {
						CreatedOnToolsVersion = 11.3.1;
					};
					8805782C254C9121003111B3 = {
						CreatedOnToolsVersion = 11.3.1;
						TestTargetID = 88057816254C9120003111B3;
					};
					88057837254C9121003111B3 = {
						CreatedOnToolsVersion = 11.3.1;
						TestTargetID = 88057816254C9120003111B3;
					};
				};
			};
			buildConfigurationList = 88057812254C9120003111B3 /* Build configuration list for PBXProject "layout" */;
			compatibilityVersion = "Xcode 9.3";
			developmentRegion = en;
			hasScannedForEncodings = 0;
			knownRegions = (
				en,
				Base,
			);
			mainGroup = 8805780E254C9120003111B3;
			productRefGroup = 88057818254C9120003111B3 /* Products */;
			projectDirPath = "";
			projectRoot = "";
			targets = (
				88057816254C9120003111B3 /* layout */,
				8805782C254C9121003111B3 /* layoutTests */,
				88057837254C9121003111B3 /* layoutUITests */,
			);
		};
/* End PBXProject section */

/* Begin PBXResourcesBuildPhase section */
		88057815254C9120003111B3 /* Resources */ = {
			isa = PBXResourcesBuildPhase;
			buildActionMask = 2147483647;
			files = (
				88057827254C9121003111B3 /* LaunchScreen.storyboard in Resources */,
				88057824254C9121003111B3 /* Assets.xcassets in Resources */,
				88057822254C9120003111B3 /* Main.storyboard in Resources */,
			);
			runOnlyForDeploymentPostprocessing = 0;
		};
		8805782B254C9121003111B3 /* Resources */ = {
			isa = PBXResourcesBuildPhase;
			buildActionMask = 2147483647;
			files = (
			);
			runOnlyForDeploymentPostprocessing = 0;
		};
		88057836254C9121003111B3 /* Resources */ = {
			isa = PBXResourcesBuildPhase;
			buildActionMask = 2147483647;
			files = (
			);
			runOnlyForDeploymentPostprocessing = 0;
		};
/* End PBXResourcesBuildPhase section */

/* Begin PBXSourcesBuildPhase section */
		88057813254C9120003111B3 /* Sources */ = {
			isa = PBXSourcesBuildPhase;
			buildActionMask = 2147483647;
			files = (
				8805781F254C9120003111B3 /* ViewController.swift in Sources */,
				8805781B254C9120003111B3 /* AppDelegate.swift in Sources */,
				8805781D254C9120003111B3 /* SceneDelegate.swift in Sources */,
			);
			runOnlyForDeploymentPostprocessing = 0;
		};
		88057829254C9121003111B3 /* Sources */ = {
			isa = PBXSourcesBuildPhase;
			buildActionMask = 2147483647;
			files = (
				88057832254C9121003111B3 /* layoutTests.swift in Sources */,
			);
			runOnlyForDeploymentPostprocessing = 0;
		};
		88057834254C9121003111B3 /* Sources */ = {
			isa = PBXSourcesBuildPhase;
			buildActionMask = 2147483647;
			files = (
				8805783D254C9121003111B3 /* layoutUITests.swift in Sources */,
			);
			runOnlyForDeploymentPostprocessing = 0;
		};
/* End PBXSourcesBuildPhase section */

/* Begin PBXTargetDependency section */
		8805782F254C9121003111B3 /* PBXTargetDependency */ = {
			isa = PBXTargetDependency;
			target = 88057816254C9120003111B3 /* layout */;
			targetProxy = 8805782E254C9121003111B3 /* PBXContainerItemProxy */;
		};
		8805783A254C9121003111B3 /* PBXTargetDependency */ = {
			isa = PBXTargetDependency;
			target = 88057816254C9120003111B3 /* layout */;
			targetProxy = 88057839254C9121003111B3 /* PBXContainerItemProxy */;
		};
/* End PBXTargetDependency section */

/* Begin PBXVariantGroup section */
		88057820254C9120003111B3 /* Main.storyboard */ = {
			isa = PBXVariantGroup;
			children = (
				88057821254C9120003111B3 /* Base */,
			);
			name = Main.storyboard;
			sourceTree = "<group>";
		};
		88057825254C9121003111B3 /* LaunchScreen.storyboard */ = {
			isa = PBXVariantGroup;
			children = (
				88057826254C9121003111B3 /* Base */,
			);
			name = LaunchScreen.storyboard;
			sourceTree = "<group>";
		};
/* End PBXVariantGroup section */

/* Begin XCBuildConfiguration section */
		8805783F254C9121003111B3 /* Debug */ = {
			isa = XCBuildConfiguration;
			buildSettings = {
				ALWAYS_SEARCH_USER_PATHS = NO;
				CLANG_ANALYZER_NONNULL = YES;
				CLANG_ANALYZER_NUMBER_OBJECT_CONVERSION = YES_AGGRESSIVE;
				CLANG_CXX_LANGUAGE_STANDARD = "gnu++14";
				CLANG_CXX_LIBRARY = "libc++";
				CLANG_ENABLE_MODULES = YES;
				CLANG_ENABLE_OBJC_ARC = YES;
				CLANG_ENABLE_OBJC_WEAK = YES;
				CLANG_WARN_BLOCK_CAPTURE_AUTORELEASING = YES;
				CLANG_WARN_BOOL_CONVERSION = YES;
				CLANG_WARN_COMMA = YES;
				CLANG_WARN_CONSTANT_CONVERSION = YES;
				CLANG_WARN_DEPRECATED_OBJC_IMPLEMENTATIONS = YES;
				CLANG_WARN_DIRECT_OBJC_ISA_USAGE = YES_ERROR;
				CLANG_WARN_DOCUMENTATION_COMMENTS = YES;
				CLANG_WARN_EMPTY_BODY = YES;
				CLANG_WARN_ENUM_CONVERSION = YES;
				CLANG_WARN_INFINITE_RECURSION = YES;
				CLANG_WARN_INT_CONVERSION = YES;
				CLANG_WARN_NON_LITERAL_NULL_CONVERSION = YES;
				CLANG_WARN_OBJC_IMPLICIT_RETAIN_SELF = YES;
				CLANG_WARN_OBJC_LITERAL_CONVERSION = YES;
				CLANG_WARN_OBJC_ROOT_CLASS = YES_ERROR;
				CLANG_WARN_RANGE_LOOP_ANALYSIS = YES;
				CLANG_WARN_STRICT_PROTOTYPES = YES;
				CLANG_WARN_SUSPICIOUS_MOVE = YES;
				CLANG_WARN_UNGUARDED_AVAILABILITY = YES_AGGRESSIVE;
				CLANG_WARN_UNREACHABLE_CODE = YES;
				CLANG_WARN__DUPLICATE_METHOD_MATCH = YES;
				COPY_PHASE_STRIP = NO;
				DEBUG_INFORMATION_FORMAT = dwarf;
				ENABLE_STRICT_OBJC_MSGSEND = YES;
				ENABLE_TESTABILITY = YES;
				GCC_C_LANGUAGE_STANDARD = gnu11;
				GCC_DYNAMIC_NO_PIC = NO;
				GCC_NO_COMMON_BLOCKS = YES;
				GCC_OPTIMIZATION_LEVEL = 0;
				GCC_PREPROCESSOR_DEFINITIONS = (
					"DEBUG=1",
					"$(inherited)",
				);
				GCC_WARN_64_TO_32_BIT_CONVERSION = YES;
				GCC_WARN_ABOUT_RETURN_TYPE = YES_ERROR;
				GCC_WARN_UNDECLARED_SELECTOR = YES;
				GCC_WARN_UNINITIALIZED_AUTOS = YES_AGGRESSIVE;
				GCC_WARN_UNUSED_FUNCTION = YES;
				GCC_WARN_UNUSED_VARIABLE = YES;
				IPHONEOS_DEPLOYMENT_TARGET = 13.2;
				MTL_ENABLE_DEBUG_INFO = INCLUDE_SOURCE;
				MTL_FAST_MATH = YES;
				ONLY_ACTIVE_ARCH = YES;
				SDKROOT = iphoneos;
				SWIFT_ACTIVE_COMPILATION_CONDITIONS = DEBUG;
				SWIFT_OPTIMIZATION_LEVEL = "-Onone";
			};
			name = Debug;
		};
		88057840254C9121003111B3 /* Release */ = {
			isa = XCBuildConfiguration;
			buildSettings = {
				ALWAYS_SEARCH_USER_PATHS = NO;
				CLANG_ANALYZER_NONNULL = YES;
				CLANG_ANALYZER_NUMBER_OBJECT_CONVERSION = YES_AGGRESSIVE;
				CLANG_CXX_LANGUAGE_STANDARD = "gnu++14";
				CLANG_CXX_LIBRARY = "libc++";
				CLANG_ENABLE_MODULES = YES;
				CLANG_ENABLE_OBJC_ARC = YES;
				CLANG_ENABLE_OBJC_WEAK = YES;
				CLANG_WARN_BLOCK_CAPTURE_AUTORELEASING = YES;
				CLANG_WARN_BOOL_CONVERSION = YES;
				CLANG_WARN_COMMA = YES;
				CLANG_WARN_CONSTANT_CONVERSION = YES;
				CLANG_WARN_DEPRECATED_OBJC_IMPLEMENTATIONS = YES;
				CLANG_WARN_DIRECT_OBJC_ISA_USAGE = YES_ERROR;
				CLANG_WARN_DOCUMENTATION_COMMENTS = YES;
				CLANG_WARN_EMPTY_BODY = YES;
				CLANG_WARN_ENUM_CONVERSION = YES;
				CLANG_WARN_INFINITE_RECURSION = YES;
				CLANG_WARN_INT_CONVERSION = YES;
				CLANG_WARN_NON_LITERAL_NULL_CONVERSION = YES;
				CLANG_WARN_OBJC_IMPLICIT_RETAIN_SELF = YES;
				CLANG_WARN_OBJC_LITERAL_CONVERSION = YES;
				CLANG_WARN_OBJC_ROOT_CLASS = YES_ERROR;
				CLANG_WARN_RANGE_LOOP_ANALYSIS = YES;
				CLANG_WARN_STRICT_PROTOTYPES = YES;
				CLANG_WARN_SUSPICIOUS_MOVE = YES;
				CLANG_WARN_UNGUARDED_AVAILABILITY = YES_AGGRESSIVE;
				CLANG_WARN_UNREACHABLE_CODE = YES;
				CLANG_WARN__DUPLICATE_METHOD_MATCH = YES;
				COPY_PHASE_STRIP = NO;
				DEBUG_INFORMATION_FORMAT = "dwarf-with-dsym";
				ENABLE_NS_ASSERTIONS = NO;
				ENABLE_STRICT_OBJC_MSGSEND = YES;
				GCC_C_LANGUAGE_STANDARD = gnu11;
				GCC_NO_COMMON_BLOCKS = YES;
				GCC_WARN_64_TO_32_BIT_CONVERSION = YES;
				GCC_WARN_ABOUT_RETURN_TYPE = YES_ERROR;
				GCC_WARN_UNDECLARED_SELECTOR = YES;
				GCC_WARN_UNINITIALIZED_AUTOS = YES_AGGRESSIVE;
				GCC_WARN_UNUSED_FUNCTION = YES;
				GCC_WARN_UNUSED_VARIABLE = YES;
				IPHONEOS_DEPLOYMENT_TARGET = 13.2;
				MTL_ENABLE_DEBUG_INFO = NO;
				MTL_FAST_MATH = YES;
				SDKROOT = iphoneos;
				SWIFT_COMPILATION_MODE = wholemodule;
				SWIFT_OPTIMIZATION_LEVEL = "-O";
				VALIDATE_PRODUCT = YES;
			};
			name = Release;
		};
		88057842254C9121003111B3 /* Debug */ = {
			isa = XCBuildConfiguration;
			buildSettings = {
				ASSETCATALOG_COMPILER_APPICON_NAME = AppIcon;
				CODE_SIGN_STYLE = Automatic;
				INFOPLIST_FILE = layout/Info.plist;
				LD_RUNPATH_SEARCH_PATHS = (
					"$(inherited)",
					"@executable_path/Frameworks",
				);
				PRODUCT_BUNDLE_IDENTIFIER = Pogoda.layout;
				PRODUCT_NAME = "$(TARGET_NAME)";
				SWIFT_VERSION = 5.0;
				TARGETED_DEVICE_FAMILY = "1,2";
			};
			name = Debug;
		};
		88057843254C9121003111B3 /* Release */ = {
			isa = XCBuildConfiguration;
			buildSettings = {
				ASSETCATALOG_COMPILER_APPICON_NAME = AppIcon;
				CODE_SIGN_STYLE = Automatic;
				INFOPLIST_FILE = layout/Info.plist;
				LD_RUNPATH_SEARCH_PATHS = (
					"$(inherited)",
					"@executable_path/Frameworks",
				);
				PRODUCT_BUNDLE_IDENTIFIER = Pogoda.layout;
				PRODUCT_NAME = "$(TARGET_NAME)";
				SWIFT_VERSION = 5.0;
				TARGETED_DEVICE_FAMILY = "1,2";
			};
			name = Release;
		};
		88057845254C9121003111B3 /* Debug */ = {
			isa = XCBuildConfiguration;
			buildSettings = {
				ALWAYS_EMBED_SWIFT_STANDARD_LIBRARIES = YES;
				BUNDLE_LOADER = "$(TEST_HOST)";
				CODE_SIGN_STYLE = Automatic;
				INFOPLIST_FILE = layoutTests/Info.plist;
				IPHONEOS_DEPLOYMENT_TARGET = 13.2;
				LD_RUNPATH_SEARCH_PATHS = (
					"$(inherited)",
					"@executable_path/Frameworks",
					"@loader_path/Frameworks",
				);
				PRODUCT_BUNDLE_IDENTIFIER = Pogoda.layoutTests;
				PRODUCT_NAME = "$(TARGET_NAME)";
				SWIFT_VERSION = 5.0;
				TARGETED_DEVICE_FAMILY = "1,2";
				TEST_HOST = "$(BUILT_PRODUCTS_DIR)/layout.app/layout";
			};
			name = Debug;
		};
		88057846254C9121003111B3 /* Release */ = {
			isa = XCBuildConfiguration;
			buildSettings = {
				ALWAYS_EMBED_SWIFT_STANDARD_LIBRARIES = YES;
				BUNDLE_LOADER = "$(TEST_HOST)";
				CODE_SIGN_STYLE = Automatic;
				INFOPLIST_FILE = layoutTests/Info.plist;
				IPHONEOS_DEPLOYMENT_TARGET = 13.2;
				LD_RUNPATH_SEARCH_PATHS = (
					"$(inherited)",
					"@executable_path/Frameworks",
					"@loader_path/Frameworks",
				);
				PRODUCT_BUNDLE_IDENTIFIER = Pogoda.layoutTests;
				PRODUCT_NAME = "$(TARGET_NAME)";
				SWIFT_VERSION = 5.0;
				TARGETED_DEVICE_FAMILY = "1,2";
				TEST_HOST = "$(BUILT_PRODUCTS_DIR)/layout.app/layout";
			};
			name = Release;
		};
		88057848254C9121003111B3 /* Debug */ = {
			isa = XCBuildConfiguration;
			buildSettings = {
				ALWAYS_EMBED_SWIFT_STANDARD_LIBRARIES = YES;
				CODE_SIGN_STYLE = Automatic;
				INFOPLIST_FILE = layoutUITests/Info.plist;
				LD_RUNPATH_SEARCH_PATHS = (
					"$(inherited)",
					"@executable_path/Frameworks",
					"@loader_path/Frameworks",
				);
				PRODUCT_BUNDLE_IDENTIFIER = Pogoda.layoutUITests;
				PRODUCT_NAME = "$(TARGET_NAME)";
				SWIFT_VERSION = 5.0;
				TARGETED_DEVICE_FAMILY = "1,2";
				TEST_TARGET_NAME = layout;
			};
			name = Debug;
		};
		88057849254C9121003111B3 /* Release */ = {
			isa = XCBuildConfiguration;
			buildSettings = {
				ALWAYS_EMBED_SWIFT_STANDARD_LIBRARIES = YES;
				CODE_SIGN_STYLE = Automatic;
				INFOPLIST_FILE = layoutUITests/Info.plist;
				LD_RUNPATH_SEARCH_PATHS = (
					"$(inherited)",
					"@executable_path/Frameworks",
					"@loader_path/Frameworks",
				);
				PRODUCT_BUNDLE_IDENTIFIER = Pogoda.layoutUITests;
				PRODUCT_NAME = "$(TARGET_NAME)";
				SWIFT_VERSION = 5.0;
				TARGETED_DEVICE_FAMILY = "1,2";
				TEST_TARGET_NAME = layout;
			};
			name = Release;
		};
/* End XCBuildConfiguration section */

/* Begin XCConfigurationList section */
		88057812254C9120003111B3 /* Build configuration list for PBXProject "layout" */ = {
			isa = XCConfigurationList;
			buildConfigurations = (
				8805783F254C9121003111B3 /* Debug */,
				88057840254C9121003111B3 /* Release */,
			);
			defaultConfigurationIsVisible = 0;
			defaultConfigurationName = Release;
		};
		88057841254C9121003111B3 /* Build configuration list for PBXNativeTarget "layout" */ = {
			isa = XCConfigurationList;
			buildConfigurations = (
				88057842254C9121003111B3 /* Debug */,
				88057843254C9121003111B3 /* Release */,
			);
			defaultConfigurationIsVisible = 0;
			defaultConfigurationName = Release;
		};
		88057844254C9121003111B3 /* Build configuration list for PBXNativeTarget "layoutTests" */ = {
			isa = XCConfigurationList;
			buildConfigurations = (
				88057845254C9121003111B3 /* Debug */,
				88057846254C9121003111B3 /* Release */,
			);
			defaultConfigurationIsVisible = 0;
			defaultConfigurationName = Release;
		};
		88057847254C9121003111B3 /* Build configuration list for PBXNativeTarget "layoutUITests" */ = {
			isa = XCConfigurationList;
			buildConfigurations = (
				88057848254C9121003111B3 /* Debug */,
				88057849254C9121003111B3 /* Release */,
			);
			defaultConfigurationIsVisible = 0;
			defaultConfigurationName = Release;
		};
/* End XCConfigurationList section */
	};
	rootObject = 8805780F254C9120003111B3 /* Project object */;
}
